// !$*UTF8*$!
{
	archiveVersion = 1;
	classes = {
	};
	objectVersion = 55;
	objects = {

/* Begin PBXBuildFile section */
		11300C6F2886E21300F669CC /* PreOnboardingViewController.swift in Sources */ = {isa = PBXBuildFile; fileRef = 11300C6E2886E21300F669CC /* PreOnboardingViewController.swift */; };
		1195C27B2887569F00B8EF5E /* GoogleService-Info.plist in Resources */ = {isa = PBXBuildFile; fileRef = 1195C27A2887569F00B8EF5E /* GoogleService-Info.plist */; };
		119C78E12887F3B9007D0B76 /* SignInViewController.swift in Sources */ = {isa = PBXBuildFile; fileRef = 119C78E02887F3B9007D0B76 /* SignInViewController.swift */; };
		119C78E32887F3E8007D0B76 /* NewAccountViewController.swift in Sources */ = {isa = PBXBuildFile; fileRef = 119C78E22887F3E8007D0B76 /* NewAccountViewController.swift */; };
		119C78E52887F42B007D0B76 /* RestoreAccountViewController.swift in Sources */ = {isa = PBXBuildFile; fileRef = 119C78E42887F42B007D0B76 /* RestoreAccountViewController.swift */; };
		119C78E82888223B007D0B76 /* Extensions.swift in Sources */ = {isa = PBXBuildFile; fileRef = 119C78E72888223B007D0B76 /* Extensions.swift */; };
		11DDC4CF2886019200B649FC /* AppDelegate.swift in Sources */ = {isa = PBXBuildFile; fileRef = 11DDC4CE2886019200B649FC /* AppDelegate.swift */; };
		11DDC4D12886019200B649FC /* SceneDelegate.swift in Sources */ = {isa = PBXBuildFile; fileRef = 11DDC4D02886019200B649FC /* SceneDelegate.swift */; };
		11DDC4D32886019200B649FC /* OnboardingViewController.swift in Sources */ = {isa = PBXBuildFile; fileRef = 11DDC4D22886019200B649FC /* OnboardingViewController.swift */; };
		11DDC4D62886019200B649FC /* Main.storyboard in Resources */ = {isa = PBXBuildFile; fileRef = 11DDC4D42886019200B649FC /* Main.storyboard */; };
		11DDC4D82886019300B649FC /* Assets.xcassets in Resources */ = {isa = PBXBuildFile; fileRef = 11DDC4D72886019300B649FC /* Assets.xcassets */; };
		11DDC4DB2886019300B649FC /* LaunchScreen.storyboard in Resources */ = {isa = PBXBuildFile; fileRef = 11DDC4D92886019300B649FC /* LaunchScreen.storyboard */; };
		11DDC4E52886035100B649FC /* OnboardingCollectionViewCell.swift in Sources */ = {isa = PBXBuildFile; fileRef = 11DDC4E42886035100B649FC /* OnboardingCollectionViewCell.swift */; };
		11DDC4E82886038E00B649FC /* OnboardingSlideModel.swift in Sources */ = {isa = PBXBuildFile; fileRef = 11DDC4E72886038E00B649FC /* OnboardingSlideModel.swift */; };
		F77A6D66AE18EA307D61BF41 /* Pods_musicapp.framework in Frameworks */ = {isa = PBXBuildFile; fileRef = C936102D8E9826794B9735F8 /* Pods_musicapp.framework */; };
/* End PBXBuildFile section */

/* Begin PBXFileReference section */
		060C63390BE8136D4C954D93 /* Pods-musicapp.release.xcconfig */ = {isa = PBXFileReference; includeInIndex = 1; lastKnownFileType = text.xcconfig; name = "Pods-musicapp.release.xcconfig"; path = "Target Support Files/Pods-musicapp/Pods-musicapp.release.xcconfig"; sourceTree = "<group>"; };
		11300C6E2886E21300F669CC /* PreOnboardingViewController.swift */ = {isa = PBXFileReference; lastKnownFileType = sourcecode.swift; path = PreOnboardingViewController.swift; sourceTree = "<group>"; };
		1195C27A2887569F00B8EF5E /* GoogleService-Info.plist */ = {isa = PBXFileReference; fileEncoding = 4; lastKnownFileType = text.plist.xml; name = "GoogleService-Info.plist"; path = "../../../../Downloads/GoogleService-Info.plist"; sourceTree = "<group>"; };
		119C78E02887F3B9007D0B76 /* SignInViewController.swift */ = {isa = PBXFileReference; lastKnownFileType = sourcecode.swift; path = SignInViewController.swift; sourceTree = "<group>"; };
		119C78E22887F3E8007D0B76 /* NewAccountViewController.swift */ = {isa = PBXFileReference; lastKnownFileType = sourcecode.swift; path = NewAccountViewController.swift; sourceTree = "<group>"; };
		119C78E42887F42B007D0B76 /* RestoreAccountViewController.swift */ = {isa = PBXFileReference; lastKnownFileType = sourcecode.swift; path = RestoreAccountViewController.swift; sourceTree = "<group>"; };
		119C78E72888223B007D0B76 /* Extensions.swift */ = {isa = PBXFileReference; lastKnownFileType = sourcecode.swift; path = Extensions.swift; sourceTree = "<group>"; };
		11DDC4CB2886019200B649FC /* musicapp.app */ = {isa = PBXFileReference; explicitFileType = wrapper.application; includeInIndex = 0; path = musicapp.app; sourceTree = BUILT_PRODUCTS_DIR; };
		11DDC4CE2886019200B649FC /* AppDelegate.swift */ = {isa = PBXFileReference; lastKnownFileType = sourcecode.swift; path = AppDelegate.swift; sourceTree = "<group>"; };
		11DDC4D02886019200B649FC /* SceneDelegate.swift */ = {isa = PBXFileReference; lastKnownFileType = sourcecode.swift; path = SceneDelegate.swift; sourceTree = "<group>"; };
		11DDC4D22886019200B649FC /* OnboardingViewController.swift */ = {isa = PBXFileReference; lastKnownFileType = sourcecode.swift; path = OnboardingViewController.swift; sourceTree = "<group>"; };
		11DDC4D52886019200B649FC /* Base */ = {isa = PBXFileReference; lastKnownFileType = file.storyboard; name = Base; path = Base.lproj/Main.storyboard; sourceTree = "<group>"; };
		11DDC4D72886019300B649FC /* Assets.xcassets */ = {isa = PBXFileReference; lastKnownFileType = folder.assetcatalog; path = Assets.xcassets; sourceTree = "<group>"; };
		11DDC4DA2886019300B649FC /* Base */ = {isa = PBXFileReference; lastKnownFileType = file.storyboard; name = Base; path = Base.lproj/LaunchScreen.storyboard; sourceTree = "<group>"; };
		11DDC4DC2886019300B649FC /* Info.plist */ = {isa = PBXFileReference; lastKnownFileType = text.plist.xml; path = Info.plist; sourceTree = "<group>"; };
		11DDC4E42886035100B649FC /* OnboardingCollectionViewCell.swift */ = {isa = PBXFileReference; lastKnownFileType = sourcecode.swift; path = OnboardingCollectionViewCell.swift; sourceTree = "<group>"; };
		11DDC4E72886038E00B649FC /* OnboardingSlideModel.swift */ = {isa = PBXFileReference; lastKnownFileType = sourcecode.swift; path = OnboardingSlideModel.swift; sourceTree = "<group>"; };
		B6214C3AEBD7B8FE4C7860D0 /* Pods-musicapp.debug.xcconfig */ = {isa = PBXFileReference; includeInIndex = 1; lastKnownFileType = text.xcconfig; name = "Pods-musicapp.debug.xcconfig"; path = "Target Support Files/Pods-musicapp/Pods-musicapp.debug.xcconfig"; sourceTree = "<group>"; };
		C936102D8E9826794B9735F8 /* Pods_musicapp.framework */ = {isa = PBXFileReference; explicitFileType = wrapper.framework; includeInIndex = 0; path = Pods_musicapp.framework; sourceTree = BUILT_PRODUCTS_DIR; };
/* End PBXFileReference section */

/* Begin PBXFrameworksBuildPhase section */
		11DDC4C82886019200B649FC /* Frameworks */ = {
			isa = PBXFrameworksBuildPhase;
			buildActionMask = 2147483647;
			files = (
				F77A6D66AE18EA307D61BF41 /* Pods_musicapp.framework in Frameworks */,
			);
			runOnlyForDeploymentPostprocessing = 0;
		};
/* End PBXFrameworksBuildPhase section */

/* Begin PBXGroup section */
		119C78E62888220E007D0B76 /* Extensions */ = {
			isa = PBXGroup;
			children = (
				119C78E72888223B007D0B76 /* Extensions.swift */,
			);
			path = Extensions;
			sourceTree = "<group>";
		};
		11DDC4C22886019200B649FC = {
			isa = PBXGroup;
			children = (
				11DDC4CD2886019200B649FC /* musicapp */,
				11DDC4CC2886019200B649FC /* Products */,
				66A0CAC9CC6BC3DE363CD222 /* Pods */,
				8ED82F303E30A6ECE3AD8F09 /* Frameworks */,
			);
			sourceTree = "<group>";
		};
		11DDC4CC2886019200B649FC /* Products */ = {
			isa = PBXGroup;
			children = (
				11DDC4CB2886019200B649FC /* musicapp.app */,
			);
			name = Products;
			sourceTree = "<group>";
		};
		11DDC4CD2886019200B649FC /* musicapp */ = {
			isa = PBXGroup;
			children = (
				119C78E62888220E007D0B76 /* Extensions */,
				11DDC4E62886037C00B649FC /* Models */,
				11DDC4E32886032900B649FC /* Cells */,
				11DDC4E22886026100B649FC /* Onboarding */,
				119C78E02887F3B9007D0B76 /* SignInViewController.swift */,
				119C78E22887F3E8007D0B76 /* NewAccountViewController.swift */,
				119C78E42887F42B007D0B76 /* RestoreAccountViewController.swift */,
				11DDC4CE2886019200B649FC /* AppDelegate.swift */,
				11DDC4D02886019200B649FC /* SceneDelegate.swift */,
				11300C6E2886E21300F669CC /* PreOnboardingViewController.swift */,
				11DDC4D42886019200B649FC /* Main.storyboard */,
				11DDC4D72886019300B649FC /* Assets.xcassets */,
				11DDC4D92886019300B649FC /* LaunchScreen.storyboard */,
				1195C27A2887569F00B8EF5E /* GoogleService-Info.plist */,
				11DDC4DC2886019300B649FC /* Info.plist */,
			);
			path = musicapp;
			sourceTree = "<group>";
		};
		11DDC4E22886026100B649FC /* Onboarding */ = {
			isa = PBXGroup;
			children = (
				11DDC4D22886019200B649FC /* OnboardingViewController.swift */,
			);
			path = Onboarding;
			sourceTree = "<group>";
		};
		11DDC4E32886032900B649FC /* Cells */ = {
			isa = PBXGroup;
			children = (
				11DDC4E42886035100B649FC /* OnboardingCollectionViewCell.swift */,
			);
			path = Cells;
			sourceTree = "<group>";
		};
		11DDC4E62886037C00B649FC /* Models */ = {
			isa = PBXGroup;
			children = (
				11DDC4E72886038E00B649FC /* OnboardingSlideModel.swift */,
			);
			path = Models;
			sourceTree = "<group>";
		};
		66A0CAC9CC6BC3DE363CD222 /* Pods */ = {
			isa = PBXGroup;
			children = (
				B6214C3AEBD7B8FE4C7860D0 /* Pods-musicapp.debug.xcconfig */,
				060C63390BE8136D4C954D93 /* Pods-musicapp.release.xcconfig */,
			);
			name = Pods;
			path = Pods;
			sourceTree = "<group>";
		};
		8ED82F303E30A6ECE3AD8F09 /* Frameworks */ = {
			isa = PBXGroup;
			children = (
				C936102D8E9826794B9735F8 /* Pods_musicapp.framework */,
			);
			name = Frameworks;
			sourceTree = "<group>";
		};
/* End PBXGroup section */

/* Begin PBXNativeTarget section */
		11DDC4CA2886019200B649FC /* musicapp */ = {
			isa = PBXNativeTarget;
			buildConfigurationList = 11DDC4DF2886019300B649FC /* Build configuration list for PBXNativeTarget "musicapp" */;
			buildPhases = (
				E441EC6488E05F03E35040C7 /* [CP] Check Pods Manifest.lock */,
				11DDC4C72886019200B649FC /* Sources */,
				11DDC4C82886019200B649FC /* Frameworks */,
				11DDC4C92886019200B649FC /* Resources */,
				AB3CD0C799E826E7AFEA6F97 /* [CP] Embed Pods Frameworks */,
			);
			buildRules = (
			);
			dependencies = (
			);
			name = musicapp;
			productName = musicapp;
			productReference = 11DDC4CB2886019200B649FC /* musicapp.app */;
			productType = "com.apple.product-type.application";
		};
/* End PBXNativeTarget section */

/* Begin PBXProject section */
		11DDC4C32886019200B649FC /* Project object */ = {
			isa = PBXProject;
			attributes = {
				BuildIndependentTargetsInParallel = 1;
				LastSwiftUpdateCheck = 1340;
				LastUpgradeCheck = 1340;
				TargetAttributes = {
					11DDC4CA2886019200B649FC = {
						CreatedOnToolsVersion = 13.4.1;
					};
				};
			};
			buildConfigurationList = 11DDC4C62886019200B649FC /* Build configuration list for PBXProject "musicapp" */;
			compatibilityVersion = "Xcode 13.0";
			developmentRegion = en;
			hasScannedForEncodings = 0;
			knownRegions = (
				en,
				Base,
			);
			mainGroup = 11DDC4C22886019200B649FC;
			productRefGroup = 11DDC4CC2886019200B649FC /* Products */;
			projectDirPath = "";
			projectRoot = "";
			targets = (
				11DDC4CA2886019200B649FC /* musicapp */,
			);
		};
/* End PBXProject section */

/* Begin PBXResourcesBuildPhase section */
		11DDC4C92886019200B649FC /* Resources */ = {
			isa = PBXResourcesBuildPhase;
			buildActionMask = 2147483647;
			files = (
				11DDC4DB2886019300B649FC /* LaunchScreen.storyboard in Resources */,
				1195C27B2887569F00B8EF5E /* GoogleService-Info.plist in Resources */,
				11DDC4D82886019300B649FC /* Assets.xcassets in Resources */,
				11DDC4D62886019200B649FC /* Main.storyboard in Resources */,
			);
			runOnlyForDeploymentPostprocessing = 0;
		};
/* End PBXResourcesBuildPhase section */

/* Begin PBXShellScriptBuildPhase section */
		AB3CD0C799E826E7AFEA6F97 /* [CP] Embed Pods Frameworks */ = {
			isa = PBXShellScriptBuildPhase;
			buildActionMask = 2147483647;
			files = (
			);
			inputFileListPaths = (
				"${PODS_ROOT}/Target Support Files/Pods-musicapp/Pods-musicapp-frameworks-${CONFIGURATION}-input-files.xcfilelist",
			);
			name = "[CP] Embed Pods Frameworks";
			outputFileListPaths = (
				"${PODS_ROOT}/Target Support Files/Pods-musicapp/Pods-musicapp-frameworks-${CONFIGURATION}-output-files.xcfilelist",
			);
			runOnlyForDeploymentPostprocessing = 0;
			shellPath = /bin/sh;
			shellScript = "\"${PODS_ROOT}/Target Support Files/Pods-musicapp/Pods-musicapp-frameworks.sh\"\n";
			showEnvVarsInLog = 0;
		};
		E441EC6488E05F03E35040C7 /* [CP] Check Pods Manifest.lock */ = {
			isa = PBXShellScriptBuildPhase;
			buildActionMask = 2147483647;
			files = (
			);
			inputFileListPaths = (
			);
			inputPaths = (
				"${PODS_PODFILE_DIR_PATH}/Podfile.lock",
				"${PODS_ROOT}/Manifest.lock",
			);
			name = "[CP] Check Pods Manifest.lock";
			outputFileListPaths = (
			);
			outputPaths = (
				"$(DERIVED_FILE_DIR)/Pods-musicapp-checkManifestLockResult.txt",
			);
			runOnlyForDeploymentPostprocessing = 0;
			shellPath = /bin/sh;
			shellScript = "diff \"${PODS_PODFILE_DIR_PATH}/Podfile.lock\" \"${PODS_ROOT}/Manifest.lock\" > /dev/null\nif [ $? != 0 ] ; then\n    # print error to STDERR\n    echo \"error: The sandbox is not in sync with the Podfile.lock. Run 'pod install' or update your CocoaPods installation.\" >&2\n    exit 1\nfi\n# This output is used by Xcode 'outputs' to avoid re-running this script phase.\necho \"SUCCESS\" > \"${SCRIPT_OUTPUT_FILE_0}\"\n";
			showEnvVarsInLog = 0;
		};
/* End PBXShellScriptBuildPhase section */

/* Begin PBXSourcesBuildPhase section */
		11DDC4C72886019200B649FC /* Sources */ = {
			isa = PBXSourcesBuildPhase;
			buildActionMask = 2147483647;
			files = (
				119C78E12887F3B9007D0B76 /* SignInViewController.swift in Sources */,
				11DDC4D32886019200B649FC /* OnboardingViewController.swift in Sources */,
				11DDC4E82886038E00B649FC /* OnboardingSlideModel.swift in Sources */,
				11DDC4CF2886019200B649FC /* AppDelegate.swift in Sources */,
				11DDC4D12886019200B649FC /* SceneDelegate.swift in Sources */,
				11DDC4E52886035100B649FC /* OnboardingCollectionViewCell.swift in Sources */,
				11300C6F2886E21300F669CC /* PreOnboardingViewController.swift in Sources */,
				119C78E32887F3E8007D0B76 /* NewAccountViewController.swift in Sources */,
				119C78E52887F42B007D0B76 /* RestoreAccountViewController.swift in Sources */,
				119C78E82888223B007D0B76 /* Extensions.swift in Sources */,
			);
			runOnlyForDeploymentPostprocessing = 0;
		};
/* End PBXSourcesBuildPhase section */

/* Begin PBXVariantGroup section */
		11DDC4D42886019200B649FC /* Main.storyboard */ = {
			isa = PBXVariantGroup;
			children = (
				11DDC4D52886019200B649FC /* Base */,
			);
			name = Main.storyboard;
			sourceTree = "<group>";
		};
		11DDC4D92886019300B649FC /* LaunchScreen.storyboard */ = {
			isa = PBXVariantGroup;
			children = (
				11DDC4DA2886019300B649FC /* Base */,
			);
			name = LaunchScreen.storyboard;
			sourceTree = "<group>";
		};
/* End PBXVariantGroup section */

/* Begin XCBuildConfiguration section */
		11DDC4DD2886019300B649FC /* Debug */ = {
			isa = XCBuildConfiguration;
			buildSettings = {
				ALWAYS_SEARCH_USER_PATHS = NO;
				CLANG_ANALYZER_NONNULL = YES;
				CLANG_ANALYZER_NUMBER_OBJECT_CONVERSION = YES_AGGRESSIVE;
				CLANG_CXX_LANGUAGE_STANDARD = "gnu++17";
				CLANG_ENABLE_MODULES = YES;
				CLANG_ENABLE_OBJC_ARC = YES;
				CLANG_ENABLE_OBJC_WEAK = YES;
				CLANG_WARN_BLOCK_CAPTURE_AUTORELEASING = YES;
				CLANG_WARN_BOOL_CONVERSION = YES;
				CLANG_WARN_COMMA = YES;
				CLANG_WARN_CONSTANT_CONVERSION = YES;
				CLANG_WARN_DEPRECATED_OBJC_IMPLEMENTATIONS = YES;
				CLANG_WARN_DIRECT_OBJC_ISA_USAGE = YES_ERROR;
				CLANG_WARN_DOCUMENTATION_COMMENTS = YES;
				CLANG_WARN_EMPTY_BODY = YES;
				CLANG_WARN_ENUM_CONVERSION = YES;
				CLANG_WARN_INFINITE_RECURSION = YES;
				CLANG_WARN_INT_CONVERSION = YES;
				CLANG_WARN_NON_LITERAL_NULL_CONVERSION = YES;
				CLANG_WARN_OBJC_IMPLICIT_RETAIN_SELF = YES;
				CLANG_WARN_OBJC_LITERAL_CONVERSION = YES;
				CLANG_WARN_OBJC_ROOT_CLASS = YES_ERROR;
				CLANG_WARN_QUOTED_INCLUDE_IN_FRAMEWORK_HEADER = YES;
				CLANG_WARN_RANGE_LOOP_ANALYSIS = YES;
				CLANG_WARN_STRICT_PROTOTYPES = YES;
				CLANG_WARN_SUSPICIOUS_MOVE = YES;
				CLANG_WARN_UNGUARDED_AVAILABILITY = YES_AGGRESSIVE;
				CLANG_WARN_UNREACHABLE_CODE = YES;
				CLANG_WARN__DUPLICATE_METHOD_MATCH = YES;
				COPY_PHASE_STRIP = NO;
				DEBUG_INFORMATION_FORMAT = dwarf;
				ENABLE_STRICT_OBJC_MSGSEND = YES;
				ENABLE_TESTABILITY = YES;
				GCC_C_LANGUAGE_STANDARD = gnu11;
				GCC_DYNAMIC_NO_PIC = NO;
				GCC_NO_COMMON_BLOCKS = YES;
				GCC_OPTIMIZATION_LEVEL = 0;
				GCC_PREPROCESSOR_DEFINITIONS = (
					"DEBUG=1",
					"$(inherited)",
				);
				GCC_WARN_64_TO_32_BIT_CONVERSION = YES;
				GCC_WARN_ABOUT_RETURN_TYPE = YES_ERROR;
				GCC_WARN_UNDECLARED_SELECTOR = YES;
				GCC_WARN_UNINITIALIZED_AUTOS = YES_AGGRESSIVE;
				GCC_WARN_UNUSED_FUNCTION = YES;
				GCC_WARN_UNUSED_VARIABLE = YES;
				IPHONEOS_DEPLOYMENT_TARGET = 15.5;
				MTL_ENABLE_DEBUG_INFO = INCLUDE_SOURCE;
				MTL_FAST_MATH = YES;
				ONLY_ACTIVE_ARCH = YES;
				SDKROOT = iphoneos;
				SWIFT_ACTIVE_COMPILATION_CONDITIONS = DEBUG;
				SWIFT_OPTIMIZATION_LEVEL = "-Onone";
			};
			name = Debug;
		};
		11DDC4DE2886019300B649FC /* Release */ = {
			isa = XCBuildConfiguration;
			buildSettings = {
				ALWAYS_SEARCH_USER_PATHS = NO;
				CLANG_ANALYZER_NONNULL = YES;
				CLANG_ANALYZER_NUMBER_OBJECT_CONVERSION = YES_AGGRESSIVE;
				CLANG_CXX_LANGUAGE_STANDARD = "gnu++17";
				CLANG_ENABLE_MODULES = YES;
				CLANG_ENABLE_OBJC_ARC = YES;
				CLANG_ENABLE_OBJC_WEAK = YES;
				CLANG_WARN_BLOCK_CAPTURE_AUTORELEASING = YES;
				CLANG_WARN_BOOL_CONVERSION = YES;
				CLANG_WARN_COMMA = YES;
				CLANG_WARN_CONSTANT_CONVERSION = YES;
				CLANG_WARN_DEPRECATED_OBJC_IMPLEMENTATIONS = YES;
				CLANG_WARN_DIRECT_OBJC_ISA_USAGE = YES_ERROR;
				CLANG_WARN_DOCUMENTATION_COMMENTS = YES;
				CLANG_WARN_EMPTY_BODY = YES;
				CLANG_WARN_ENUM_CONVERSION = YES;
				CLANG_WARN_INFINITE_RECURSION = YES;
				CLANG_WARN_INT_CONVERSION = YES;
				CLANG_WARN_NON_LITERAL_NULL_CONVERSION = YES;
				CLANG_WARN_OBJC_IMPLICIT_RETAIN_SELF = YES;
				CLANG_WARN_OBJC_LITERAL_CONVERSION = YES;
				CLANG_WARN_OBJC_ROOT_CLASS = YES_ERROR;
				CLANG_WARN_QUOTED_INCLUDE_IN_FRAMEWORK_HEADER = YES;
				CLANG_WARN_RANGE_LOOP_ANALYSIS = YES;
				CLANG_WARN_STRICT_PROTOTYPES = YES;
				CLANG_WARN_SUSPICIOUS_MOVE = YES;
				CLANG_WARN_UNGUARDED_AVAILABILITY = YES_AGGRESSIVE;
				CLANG_WARN_UNREACHABLE_CODE = YES;
				CLANG_WARN__DUPLICATE_METHOD_MATCH = YES;
				COPY_PHASE_STRIP = NO;
				DEBUG_INFORMATION_FORMAT = "dwarf-with-dsym";
				ENABLE_NS_ASSERTIONS = NO;
				ENABLE_STRICT_OBJC_MSGSEND = YES;
				GCC_C_LANGUAGE_STANDARD = gnu11;
				GCC_NO_COMMON_BLOCKS = YES;
				GCC_WARN_64_TO_32_BIT_CONVERSION = YES;
				GCC_WARN_ABOUT_RETURN_TYPE = YES_ERROR;
				GCC_WARN_UNDECLARED_SELECTOR = YES;
				GCC_WARN_UNINITIALIZED_AUTOS = YES_AGGRESSIVE;
				GCC_WARN_UNUSED_FUNCTION = YES;
				GCC_WARN_UNUSED_VARIABLE = YES;
				IPHONEOS_DEPLOYMENT_TARGET = 15.5;
				MTL_ENABLE_DEBUG_INFO = NO;
				MTL_FAST_MATH = YES;
				SDKROOT = iphoneos;
				SWIFT_COMPILATION_MODE = wholemodule;
				SWIFT_OPTIMIZATION_LEVEL = "-O";
				VALIDATE_PRODUCT = YES;
			};
			name = Release;
		};
		11DDC4E02886019300B649FC /* Debug */ = {
			isa = XCBuildConfiguration;
			baseConfigurationReference = B6214C3AEBD7B8FE4C7860D0 /* Pods-musicapp.debug.xcconfig */;
			buildSettings = {
				ASSETCATALOG_COMPILER_APPICON_NAME = AppIcon;
				ASSETCATALOG_COMPILER_GLOBAL_ACCENT_COLOR_NAME = AccentColor;
				CODE_SIGN_STYLE = Automatic;
				CURRENT_PROJECT_VERSION = 1;
				DEVELOPMENT_TEAM = SNP47ALDN4;
				GENERATE_INFOPLIST_FILE = YES;
				INFOPLIST_FILE = musicapp/Info.plist;
				INFOPLIST_KEY_UIApplicationSupportsIndirectInputEvents = YES;
				INFOPLIST_KEY_UILaunchStoryboardName = LaunchScreen;
				INFOPLIST_KEY_UIMainStoryboardFile = Main;
				INFOPLIST_KEY_UISupportedInterfaceOrientations_iPad = "UIInterfaceOrientationPortrait UIInterfaceOrientationPortraitUpsideDown UIInterfaceOrientationLandscapeLeft UIInterfaceOrientationLandscapeRight";
				INFOPLIST_KEY_UISupportedInterfaceOrientations_iPhone = "UIInterfaceOrientationPortrait UIInterfaceOrientationLandscapeLeft UIInterfaceOrientationLandscapeRight";
				LD_RUNPATH_SEARCH_PATHS = (
					"$(inherited)",
					"@executable_path/Frameworks",
				);
				MARKETING_VERSION = 1.0;
				PRODUCT_BUNDLE_IDENTIFIER = mmm.musicapp;
				PRODUCT_NAME = "$(TARGET_NAME)";
				SWIFT_EMIT_LOC_STRINGS = YES;
				SWIFT_VERSION = 5.0;
				TARGETED_DEVICE_FAMILY = "1,2";
			};
			name = Debug;
		};
		11DDC4E12886019300B649FC /* Release */ = {
			isa = XCBuildConfiguration;
			baseConfigurationReference = 060C63390BE8136D4C954D93 /* Pods-musicapp.release.xcconfig */;
			buildSettings = {
				ASSETCATALOG_COMPILER_APPICON_NAME = AppIcon;
				ASSETCATALOG_COMPILER_GLOBAL_ACCENT_COLOR_NAME = AccentColor;
				CODE_SIGN_STYLE = Automatic;
				CURRENT_PROJECT_VERSION = 1;
				DEVELOPMENT_TEAM = SNP47ALDN4;
				GENERATE_INFOPLIST_FILE = YES;
				INFOPLIST_FILE = musicapp/Info.plist;
				INFOPLIST_KEY_UIApplicationSupportsIndirectInputEvents = YES;
				INFOPLIST_KEY_UILaunchStoryboardName = LaunchScreen;
				INFOPLIST_KEY_UIMainStoryboardFile = Main;
				INFOPLIST_KEY_UISupportedInterfaceOrientations_iPad = "UIInterfaceOrientationPortrait UIInterfaceOrientationPortraitUpsideDown UIInterfaceOrientationLandscapeLeft UIInterfaceOrientationLandscapeRight";
				INFOPLIST_KEY_UISupportedInterfaceOrientations_iPhone = "UIInterfaceOrientationPortrait UIInterfaceOrientationLandscapeLeft UIInterfaceOrientationLandscapeRight";
				LD_RUNPATH_SEARCH_PATHS = (
					"$(inherited)",
					"@executable_path/Frameworks",
				);
				MARKETING_VERSION = 1.0;
				PRODUCT_BUNDLE_IDENTIFIER = mmm.musicapp;
				PRODUCT_NAME = "$(TARGET_NAME)";
				SWIFT_EMIT_LOC_STRINGS = YES;
				SWIFT_VERSION = 5.0;
				TARGETED_DEVICE_FAMILY = "1,2";
			};
			name = Release;
		};
/* End XCBuildConfiguration section */

/* Begin XCConfigurationList section */
		11DDC4C62886019200B649FC /* Build configuration list for PBXProject "musicapp" */ = {
			isa = XCConfigurationList;
			buildConfigurations = (
				11DDC4DD2886019300B649FC /* Debug */,
				11DDC4DE2886019300B649FC /* Release */,
			);
			defaultConfigurationIsVisible = 0;
			defaultConfigurationName = Release;
		};
		11DDC4DF2886019300B649FC /* Build configuration list for PBXNativeTarget "musicapp" */ = {
			isa = XCConfigurationList;
			buildConfigurations = (
				11DDC4E02886019300B649FC /* Debug */,
				11DDC4E12886019300B649FC /* Release */,
			);
			defaultConfigurationIsVisible = 0;
			defaultConfigurationName = Release;
		};
/* End XCConfigurationList section */
	};
	rootObject = 11DDC4C32886019200B649FC /* Project object */;
}
